// !$*UTF8*$!
{
	archiveVersion = 1;
	classes = {
	};
	objectVersion = 46;
	objects = {

/* Begin PBXBuildFile section */
		4F8B795D15D46F8800EFD4A2 /* UIKit.framework in Frameworks */ = {isa = PBXBuildFile; fileRef = 4F8B795C15D46F8800EFD4A2 /* UIKit.framework */; };
		4F8B795F15D46F8800EFD4A2 /* Foundation.framework in Frameworks */ = {isa = PBXBuildFile; fileRef = 4F8B795E15D46F8800EFD4A2 /* Foundation.framework */; };
		4F8B796115D46F8800EFD4A2 /* CoreGraphics.framework in Frameworks */ = {isa = PBXBuildFile; fileRef = 4F8B796015D46F8800EFD4A2 /* CoreGraphics.framework */; };
		4F8B796715D46F8800EFD4A2 /* InfoPlist.strings in Resources */ = {isa = PBXBuildFile; fileRef = 4F8B796515D46F8800EFD4A2 /* InfoPlist.strings */; };
		4F8B796915D46F8800EFD4A2 /* main.m in Sources */ = {isa = PBXBuildFile; fileRef = 4F8B796815D46F8800EFD4A2 /* main.m */; };
		4F8B796D15D46F8800EFD4A2 /* AppDelegate.m in Sources */ = {isa = PBXBuildFile; fileRef = 4F8B796C15D46F8800EFD4A2 /* AppDelegate.m */; };
		4F8B797015D46F8800EFD4A2 /* ViewController.m in Sources */ = {isa = PBXBuildFile; fileRef = 4F8B796F15D46F8800EFD4A2 /* ViewController.m */; };
		4F8B797315D46F8800EFD4A2 /* ViewController_iPhone.xib in Resources */ = {isa = PBXBuildFile; fileRef = 4F8B797115D46F8800EFD4A2 /* ViewController_iPhone.xib */; };
		4F8B797615D46F8800EFD4A2 /* ViewController_iPad.xib in Resources */ = {isa = PBXBuildFile; fileRef = 4F8B797415D46F8800EFD4A2 /* ViewController_iPad.xib */; };
		4F8B797E15D46F8800EFD4A2 /* SenTestingKit.framework in Frameworks */ = {isa = PBXBuildFile; fileRef = 4F8B797D15D46F8800EFD4A2 /* SenTestingKit.framework */; };
		4F8B797F15D46F8800EFD4A2 /* UIKit.framework in Frameworks */ = {isa = PBXBuildFile; fileRef = 4F8B795C15D46F8800EFD4A2 /* UIKit.framework */; };
		4F8B798015D46F8800EFD4A2 /* Foundation.framework in Frameworks */ = {isa = PBXBuildFile; fileRef = 4F8B795E15D46F8800EFD4A2 /* Foundation.framework */; };
		4F8B798815D46F8800EFD4A2 /* InfoPlist.strings in Resources */ = {isa = PBXBuildFile; fileRef = 4F8B798615D46F8800EFD4A2 /* InfoPlist.strings */; };
		4F8B798B15D46F8800EFD4A2 /* FetcherTests.m in Sources */ = {isa = PBXBuildFile; fileRef = 4F8B798A15D46F8800EFD4A2 /* FetcherTests.m */; };
		4F8B7EB315D4781200EFD4A2 /* CFNetwork.framework in Frameworks */ = {isa = PBXBuildFile; fileRef = 4F8B7EB215D4781200EFD4A2 /* CFNetwork.framework */; };
		4F8B7EB515D4782100EFD4A2 /* CoreData.framework in Frameworks */ = {isa = PBXBuildFile; fileRef = 4F8B7EB415D4782100EFD4A2 /* CoreData.framework */; };
		4F8B7EB715D4782C00EFD4A2 /* Security.framework in Frameworks */ = {isa = PBXBuildFile; fileRef = 4F8B7EB615D4782C00EFD4A2 /* Security.framework */; };
		4F8B7EB915D4783A00EFD4A2 /* MobileCoreServices.framework in Frameworks */ = {isa = PBXBuildFile; fileRef = 4F8B7EB815D4783A00EFD4A2 /* MobileCoreServices.framework */; };
		4F8B7EBB15D4784900EFD4A2 /* SystemConfiguration.framework in Frameworks */ = {isa = PBXBuildFile; fileRef = 4F8B7EBA15D4784900EFD4A2 /* SystemConfiguration.framework */; };
		4F8B7EBD15D4785600EFD4A2 /* libxml2.dylib in Frameworks */ = {isa = PBXBuildFile; fileRef = 4F8B7EBC15D4785600EFD4A2 /* libxml2.dylib */; };
		4F8B7EBF15D4785E00EFD4A2 /* QuartzCore.framework in Frameworks */ = {isa = PBXBuildFile; fileRef = 4F8B7EBE15D4785E00EFD4A2 /* QuartzCore.framework */; };
		4F8B7EC315D47A9000EFD4A2 /* libRestKit.a in Frameworks */ = {isa = PBXBuildFile; fileRef = 4F8B7EA715D4769C00EFD4A2 /* libRestKit.a */; };
		4F8B7EC715D47BC800EFD4A2 /* DataFetcher.m in Sources */ = {isa = PBXBuildFile; fileRef = 4F8B7EC615D47BC800EFD4A2 /* DataFetcher.m */; };
/* End PBXBuildFile section */

/* Begin PBXContainerItemProxy section */
		4F8B798115D46F8800EFD4A2 /* PBXContainerItemProxy */ = {
			isa = PBXContainerItemProxy;
			containerPortal = 4F8B794F15D46F8800EFD4A2 /* Project object */;
			proxyType = 1;
			remoteGlobalIDString = 4F8B795715D46F8800EFD4A2;
			remoteInfo = Fetcher;
		};
		4F8B7EA615D4769C00EFD4A2 /* PBXContainerItemProxy */ = {
			isa = PBXContainerItemProxy;
			containerPortal = 4F8B7E9B15D4769B00EFD4A2 /* RestKit.xcodeproj */;
			proxyType = 2;
			remoteGlobalIDString = 25160D1614564E810060A5C5;
			remoteInfo = RestKit;
		};
		4F8B7EA815D4769C00EFD4A2 /* PBXContainerItemProxy */ = {
			isa = PBXContainerItemProxy;
			containerPortal = 4F8B7E9B15D4769B00EFD4A2 /* RestKit.xcodeproj */;
			proxyType = 2;
			remoteGlobalIDString = 25160D2614564E820060A5C5;
			remoteInfo = RestKitTests;
		};
		4F8B7EAA15D4769C00EFD4A2 /* PBXContainerItemProxy */ = {
			isa = PBXContainerItemProxy;
			containerPortal = 4F8B7E9B15D4769B00EFD4A2 /* RestKit.xcodeproj */;
			proxyType = 2;
			remoteGlobalIDString = 25160E62145651060060A5C5;
			remoteInfo = RestKitFramework;
		};
		4F8B7EAC15D4769C00EFD4A2 /* PBXContainerItemProxy */ = {
			isa = PBXContainerItemProxy;
			containerPortal = 4F8B7E9B15D4769B00EFD4A2 /* RestKit.xcodeproj */;
			proxyType = 2;
			remoteGlobalIDString = 25160E78145651060060A5C5;
			remoteInfo = RestKitFrameworkTests;
		};
		4F8B7EAE15D4769C00EFD4A2 /* PBXContainerItemProxy */ = {
			isa = PBXContainerItemProxy;
			containerPortal = 4F8B7E9B15D4769B00EFD4A2 /* RestKit.xcodeproj */;
			proxyType = 2;
			remoteGlobalIDString = 259C301615128079003066A2;
			remoteInfo = RestKitResources;
		};
		4F8B7EC115D47A7700EFD4A2 /* PBXContainerItemProxy */ = {
			isa = PBXContainerItemProxy;
			containerPortal = 4F8B7E9B15D4769B00EFD4A2 /* RestKit.xcodeproj */;
			proxyType = 1;
			remoteGlobalIDString = 25160D1514564E810060A5C5;
			remoteInfo = RestKit;
		};
/* End PBXContainerItemProxy section */

/* Begin PBXFileReference section */
		4F8B795815D46F8800EFD4A2 /* Fetcher.app */ = {isa = PBXFileReference; explicitFileType = wrapper.application; includeInIndex = 0; path = Fetcher.app; sourceTree = BUILT_PRODUCTS_DIR; };
		4F8B795C15D46F8800EFD4A2 /* UIKit.framework */ = {isa = PBXFileReference; lastKnownFileType = wrapper.framework; name = UIKit.framework; path = System/Library/Frameworks/UIKit.framework; sourceTree = SDKROOT; };
		4F8B795E15D46F8800EFD4A2 /* Foundation.framework */ = {isa = PBXFileReference; lastKnownFileType = wrapper.framework; name = Foundation.framework; path = System/Library/Frameworks/Foundation.framework; sourceTree = SDKROOT; };
		4F8B796015D46F8800EFD4A2 /* CoreGraphics.framework */ = {isa = PBXFileReference; lastKnownFileType = wrapper.framework; name = CoreGraphics.framework; path = System/Library/Frameworks/CoreGraphics.framework; sourceTree = SDKROOT; };
		4F8B796415D46F8800EFD4A2 /* Fetcher-Info.plist */ = {isa = PBXFileReference; lastKnownFileType = text.plist.xml; path = "Fetcher-Info.plist"; sourceTree = "<group>"; };
		4F8B796615D46F8800EFD4A2 /* en */ = {isa = PBXFileReference; lastKnownFileType = text.plist.strings; name = en; path = en.lproj/InfoPlist.strings; sourceTree = "<group>"; };
		4F8B796815D46F8800EFD4A2 /* main.m */ = {isa = PBXFileReference; lastKnownFileType = sourcecode.c.objc; path = main.m; sourceTree = "<group>"; };
		4F8B796A15D46F8800EFD4A2 /* Fetcher-Prefix.pch */ = {isa = PBXFileReference; lastKnownFileType = sourcecode.c.h; path = "Fetcher-Prefix.pch"; sourceTree = "<group>"; };
		4F8B796B15D46F8800EFD4A2 /* AppDelegate.h */ = {isa = PBXFileReference; lastKnownFileType = sourcecode.c.h; path = AppDelegate.h; sourceTree = "<group>"; };
		4F8B796C15D46F8800EFD4A2 /* AppDelegate.m */ = {isa = PBXFileReference; lastKnownFileType = sourcecode.c.objc; path = AppDelegate.m; sourceTree = "<group>"; };
		4F8B796E15D46F8800EFD4A2 /* ViewController.h */ = {isa = PBXFileReference; lastKnownFileType = sourcecode.c.h; path = ViewController.h; sourceTree = "<group>"; };
		4F8B796F15D46F8800EFD4A2 /* ViewController.m */ = {isa = PBXFileReference; lastKnownFileType = sourcecode.c.objc; path = ViewController.m; sourceTree = "<group>"; };
		4F8B797215D46F8800EFD4A2 /* en */ = {isa = PBXFileReference; lastKnownFileType = file.xib; name = en; path = en.lproj/ViewController_iPhone.xib; sourceTree = "<group>"; };
		4F8B797515D46F8800EFD4A2 /* en */ = {isa = PBXFileReference; lastKnownFileType = file.xib; name = en; path = en.lproj/ViewController_iPad.xib; sourceTree = "<group>"; };
		4F8B797C15D46F8800EFD4A2 /* FetcherTests.octest */ = {isa = PBXFileReference; explicitFileType = wrapper.cfbundle; includeInIndex = 0; path = FetcherTests.octest; sourceTree = BUILT_PRODUCTS_DIR; };
		4F8B797D15D46F8800EFD4A2 /* SenTestingKit.framework */ = {isa = PBXFileReference; lastKnownFileType = wrapper.framework; name = SenTestingKit.framework; path = Library/Frameworks/SenTestingKit.framework; sourceTree = DEVELOPER_DIR; };
		4F8B798515D46F8800EFD4A2 /* FetcherTests-Info.plist */ = {isa = PBXFileReference; lastKnownFileType = text.plist.xml; path = "FetcherTests-Info.plist"; sourceTree = "<group>"; };
		4F8B798715D46F8800EFD4A2 /* en */ = {isa = PBXFileReference; lastKnownFileType = text.plist.strings; name = en; path = en.lproj/InfoPlist.strings; sourceTree = "<group>"; };
		4F8B798915D46F8800EFD4A2 /* FetcherTests.h */ = {isa = PBXFileReference; lastKnownFileType = sourcecode.c.h; path = FetcherTests.h; sourceTree = "<group>"; };
		4F8B798A15D46F8800EFD4A2 /* FetcherTests.m */ = {isa = PBXFileReference; lastKnownFileType = sourcecode.c.objc; path = FetcherTests.m; sourceTree = "<group>"; };
		4F8B7E9B15D4769B00EFD4A2 /* RestKit.xcodeproj */ = {isa = PBXFileReference; lastKnownFileType = "wrapper.pb-project"; name = RestKit.xcodeproj; path = RestKit/RestKit.xcodeproj; sourceTree = "<group>"; };
		4F8B7EB215D4781200EFD4A2 /* CFNetwork.framework */ = {isa = PBXFileReference; lastKnownFileType = wrapper.framework; name = CFNetwork.framework; path = System/Library/Frameworks/CFNetwork.framework; sourceTree = SDKROOT; };
		4F8B7EB415D4782100EFD4A2 /* CoreData.framework */ = {isa = PBXFileReference; lastKnownFileType = wrapper.framework; name = CoreData.framework; path = System/Library/Frameworks/CoreData.framework; sourceTree = SDKROOT; };
		4F8B7EB615D4782C00EFD4A2 /* Security.framework */ = {isa = PBXFileReference; lastKnownFileType = wrapper.framework; name = Security.framework; path = System/Library/Frameworks/Security.framework; sourceTree = SDKROOT; };
		4F8B7EB815D4783A00EFD4A2 /* MobileCoreServices.framework */ = {isa = PBXFileReference; lastKnownFileType = wrapper.framework; name = MobileCoreServices.framework; path = System/Library/Frameworks/MobileCoreServices.framework; sourceTree = SDKROOT; };
		4F8B7EBA15D4784900EFD4A2 /* SystemConfiguration.framework */ = {isa = PBXFileReference; lastKnownFileType = wrapper.framework; name = SystemConfiguration.framework; path = System/Library/Frameworks/SystemConfiguration.framework; sourceTree = SDKROOT; };
		4F8B7EBC15D4785600EFD4A2 /* libxml2.dylib */ = {isa = PBXFileReference; lastKnownFileType = "compiled.mach-o.dylib"; name = libxml2.dylib; path = usr/lib/libxml2.dylib; sourceTree = SDKROOT; };
		4F8B7EBE15D4785E00EFD4A2 /* QuartzCore.framework */ = {isa = PBXFileReference; lastKnownFileType = wrapper.framework; name = QuartzCore.framework; path = System/Library/Frameworks/QuartzCore.framework; sourceTree = SDKROOT; };
		4F8B7EC515D47BC800EFD4A2 /* DataFetcher.h */ = {isa = PBXFileReference; fileEncoding = 4; lastKnownFileType = sourcecode.c.h; path = DataFetcher.h; sourceTree = "<group>"; };
		4F8B7EC615D47BC800EFD4A2 /* DataFetcher.m */ = {isa = PBXFileReference; fileEncoding = 4; lastKnownFileType = sourcecode.c.objc; path = DataFetcher.m; sourceTree = "<group>"; };
/* End PBXFileReference section */

/* Begin PBXFrameworksBuildPhase section */
		4F8B795515D46F8800EFD4A2 /* Frameworks */ = {
			isa = PBXFrameworksBuildPhase;
			buildActionMask = 2147483647;
			files = (
				4F8B7EC315D47A9000EFD4A2 /* libRestKit.a in Frameworks */,
				4F8B7EBF15D4785E00EFD4A2 /* QuartzCore.framework in Frameworks */,
				4F8B7EBD15D4785600EFD4A2 /* libxml2.dylib in Frameworks */,
				4F8B7EBB15D4784900EFD4A2 /* SystemConfiguration.framework in Frameworks */,
				4F8B7EB915D4783A00EFD4A2 /* MobileCoreServices.framework in Frameworks */,
				4F8B7EB715D4782C00EFD4A2 /* Security.framework in Frameworks */,
				4F8B7EB515D4782100EFD4A2 /* CoreData.framework in Frameworks */,
				4F8B7EB315D4781200EFD4A2 /* CFNetwork.framework in Frameworks */,
				4F8B795D15D46F8800EFD4A2 /* UIKit.framework in Frameworks */,
				4F8B795F15D46F8800EFD4A2 /* Foundation.framework in Frameworks */,
				4F8B796115D46F8800EFD4A2 /* CoreGraphics.framework in Frameworks */,
			);
			runOnlyForDeploymentPostprocessing = 0;
		};
		4F8B797815D46F8800EFD4A2 /* Frameworks */ = {
			isa = PBXFrameworksBuildPhase;
			buildActionMask = 2147483647;
			files = (
				4F8B797E15D46F8800EFD4A2 /* SenTestingKit.framework in Frameworks */,
				4F8B797F15D46F8800EFD4A2 /* UIKit.framework in Frameworks */,
				4F8B798015D46F8800EFD4A2 /* Foundation.framework in Frameworks */,
			);
			runOnlyForDeploymentPostprocessing = 0;
		};
/* End PBXFrameworksBuildPhase section */

/* Begin PBXGroup section */
		4F8B794D15D46F8800EFD4A2 = {
			isa = PBXGroup;
			children = (
				4F8B7EBE15D4785E00EFD4A2 /* QuartzCore.framework */,
				4F8B7EBC15D4785600EFD4A2 /* libxml2.dylib */,
				4F8B7EBA15D4784900EFD4A2 /* SystemConfiguration.framework */,
				4F8B7EB815D4783A00EFD4A2 /* MobileCoreServices.framework */,
				4F8B7EB615D4782C00EFD4A2 /* Security.framework */,
				4F8B7EB415D4782100EFD4A2 /* CoreData.framework */,
				4F8B7EB215D4781200EFD4A2 /* CFNetwork.framework */,
				4F8B7E9B15D4769B00EFD4A2 /* RestKit.xcodeproj */,
				4F8B796215D46F8800EFD4A2 /* Fetcher */,
				4F8B798315D46F8800EFD4A2 /* FetcherTests */,
				4F8B795B15D46F8800EFD4A2 /* Frameworks */,
				4F8B795915D46F8800EFD4A2 /* Products */,
			);
			sourceTree = "<group>";
		};
		4F8B795915D46F8800EFD4A2 /* Products */ = {
			isa = PBXGroup;
			children = (
				4F8B795815D46F8800EFD4A2 /* Fetcher.app */,
				4F8B797C15D46F8800EFD4A2 /* FetcherTests.octest */,
			);
			name = Products;
			sourceTree = "<group>";
		};
		4F8B795B15D46F8800EFD4A2 /* Frameworks */ = {
			isa = PBXGroup;
			children = (
				4F8B795C15D46F8800EFD4A2 /* UIKit.framework */,
				4F8B795E15D46F8800EFD4A2 /* Foundation.framework */,
				4F8B796015D46F8800EFD4A2 /* CoreGraphics.framework */,
				4F8B797D15D46F8800EFD4A2 /* SenTestingKit.framework */,
			);
			name = Frameworks;
			sourceTree = "<group>";
		};
		4F8B796215D46F8800EFD4A2 /* Fetcher */ = {
			isa = PBXGroup;
			children = (
				4F8B796B15D46F8800EFD4A2 /* AppDelegate.h */,
				4F8B796C15D46F8800EFD4A2 /* AppDelegate.m */,
				4F8B7EC515D47BC800EFD4A2 /* DataFetcher.h */,
				4F8B7EC615D47BC800EFD4A2 /* DataFetcher.m */,
				4F8B796E15D46F8800EFD4A2 /* ViewController.h */,
				4F8B796F15D46F8800EFD4A2 /* ViewController.m */,
				4F8B797115D46F8800EFD4A2 /* ViewController_iPhone.xib */,
				4F8B797415D46F8800EFD4A2 /* ViewController_iPad.xib */,
				4F8B796315D46F8800EFD4A2 /* Supporting Files */,
			);
			path = Fetcher;
			sourceTree = "<group>";
		};
		4F8B796315D46F8800EFD4A2 /* Supporting Files */ = {
			isa = PBXGroup;
			children = (
				4F8B796415D46F8800EFD4A2 /* Fetcher-Info.plist */,
				4F8B796515D46F8800EFD4A2 /* InfoPlist.strings */,
				4F8B796815D46F8800EFD4A2 /* main.m */,
				4F8B796A15D46F8800EFD4A2 /* Fetcher-Prefix.pch */,
			);
			name = "Supporting Files";
			sourceTree = "<group>";
		};
		4F8B798315D46F8800EFD4A2 /* FetcherTests */ = {
			isa = PBXGroup;
			children = (
				4F8B798915D46F8800EFD4A2 /* FetcherTests.h */,
				4F8B798A15D46F8800EFD4A2 /* FetcherTests.m */,
				4F8B798415D46F8800EFD4A2 /* Supporting Files */,
			);
			path = FetcherTests;
			sourceTree = "<group>";
		};
		4F8B798415D46F8800EFD4A2 /* Supporting Files */ = {
			isa = PBXGroup;
			children = (
				4F8B798515D46F8800EFD4A2 /* FetcherTests-Info.plist */,
				4F8B798615D46F8800EFD4A2 /* InfoPlist.strings */,
			);
			name = "Supporting Files";
			sourceTree = "<group>";
		};
		4F8B7E9C15D4769B00EFD4A2 /* Products */ = {
			isa = PBXGroup;
			children = (
				4F8B7EA715D4769C00EFD4A2 /* libRestKit.a */,
				4F8B7EA915D4769C00EFD4A2 /* RestKitTests.octest */,
				4F8B7EAB15D4769C00EFD4A2 /* RestKit.framework */,
				4F8B7EAD15D4769C00EFD4A2 /* RestKitFrameworkTests.octest */,
				4F8B7EAF15D4769C00EFD4A2 /* RestKitResources.bundle */,
			);
			name = Products;
			sourceTree = "<group>";
		};
/* End PBXGroup section */

/* Begin PBXNativeTarget section */
		4F8B795715D46F8800EFD4A2 /* Fetcher */ = {
			isa = PBXNativeTarget;
			buildConfigurationList = 4F8B798E15D46F8800EFD4A2 /* Build configuration list for PBXNativeTarget "Fetcher" */;
			buildPhases = (
				4F8B795415D46F8800EFD4A2 /* Sources */,
				4F8B795515D46F8800EFD4A2 /* Frameworks */,
				4F8B795615D46F8800EFD4A2 /* Resources */,
			);
			buildRules = (
			);
			dependencies = (
				4F8B7EC215D47A7700EFD4A2 /* PBXTargetDependency */,
			);
			name = Fetcher;
			productName = Fetcher;
			productReference = 4F8B795815D46F8800EFD4A2 /* Fetcher.app */;
			productType = "com.apple.product-type.application";
		};
		4F8B797B15D46F8800EFD4A2 /* FetcherTests */ = {
			isa = PBXNativeTarget;
			buildConfigurationList = 4F8B799115D46F8800EFD4A2 /* Build configuration list for PBXNativeTarget "FetcherTests" */;
			buildPhases = (
				4F8B797715D46F8800EFD4A2 /* Sources */,
				4F8B797815D46F8800EFD4A2 /* Frameworks */,
				4F8B797915D46F8800EFD4A2 /* Resources */,
				4F8B797A15D46F8800EFD4A2 /* ShellScript */,
			);
			buildRules = (
			);
			dependencies = (
				4F8B798215D46F8800EFD4A2 /* PBXTargetDependency */,
			);
			name = FetcherTests;
			productName = FetcherTests;
			productReference = 4F8B797C15D46F8800EFD4A2 /* FetcherTests.octest */;
			productType = "com.apple.product-type.bundle";
		};
/* End PBXNativeTarget section */

/* Begin PBXProject section */
		4F8B794F15D46F8800EFD4A2 /* Project object */ = {
			isa = PBXProject;
			attributes = {
				LastUpgradeCheck = 0440;
				ORGANIZATIONNAME = "Wolfgang Mathurin";
			};
			buildConfigurationList = 4F8B795215D46F8800EFD4A2 /* Build configuration list for PBXProject "Fetcher" */;
			compatibilityVersion = "Xcode 3.2";
			developmentRegion = English;
			hasScannedForEncodings = 0;
			knownRegions = (
				en,
			);
			mainGroup = 4F8B794D15D46F8800EFD4A2;
			productRefGroup = 4F8B795915D46F8800EFD4A2 /* Products */;
			projectDirPath = "";
			projectReferences = (
				{
					ProductGroup = 4F8B7E9C15D4769B00EFD4A2 /* Products */;
					ProjectRef = 4F8B7E9B15D4769B00EFD4A2 /* RestKit.xcodeproj */;
				},
			);
			projectRoot = "";
			targets = (
				4F8B795715D46F8800EFD4A2 /* Fetcher */,
				4F8B797B15D46F8800EFD4A2 /* FetcherTests */,
			);
		};
/* End PBXProject section */

/* Begin PBXReferenceProxy section */
		4F8B7EA715D4769C00EFD4A2 /* libRestKit.a */ = {
			isa = PBXReferenceProxy;
			fileType = archive.ar;
			path = libRestKit.a;
			remoteRef = 4F8B7EA615D4769C00EFD4A2 /* PBXContainerItemProxy */;
			sourceTree = BUILT_PRODUCTS_DIR;
		};
		4F8B7EA915D4769C00EFD4A2 /* RestKitTests.octest */ = {
			isa = PBXReferenceProxy;
			fileType = wrapper.cfbundle;
			path = RestKitTests.octest;
			remoteRef = 4F8B7EA815D4769C00EFD4A2 /* PBXContainerItemProxy */;
			sourceTree = BUILT_PRODUCTS_DIR;
		};
		4F8B7EAB15D4769C00EFD4A2 /* RestKit.framework */ = {
			isa = PBXReferenceProxy;
			fileType = wrapper.framework;
			path = RestKit.framework;
			remoteRef = 4F8B7EAA15D4769C00EFD4A2 /* PBXContainerItemProxy */;
			sourceTree = BUILT_PRODUCTS_DIR;
		};
		4F8B7EAD15D4769C00EFD4A2 /* RestKitFrameworkTests.octest */ = {
			isa = PBXReferenceProxy;
			fileType = wrapper.cfbundle;
			path = RestKitFrameworkTests.octest;
			remoteRef = 4F8B7EAC15D4769C00EFD4A2 /* PBXContainerItemProxy */;
			sourceTree = BUILT_PRODUCTS_DIR;
		};
		4F8B7EAF15D4769C00EFD4A2 /* RestKitResources.bundle */ = {
			isa = PBXReferenceProxy;
			fileType = wrapper.cfbundle;
			path = RestKitResources.bundle;
			remoteRef = 4F8B7EAE15D4769C00EFD4A2 /* PBXContainerItemProxy */;
			sourceTree = BUILT_PRODUCTS_DIR;
		};
/* End PBXReferenceProxy section */

/* Begin PBXResourcesBuildPhase section */
		4F8B795615D46F8800EFD4A2 /* Resources */ = {
			isa = PBXResourcesBuildPhase;
			buildActionMask = 2147483647;
			files = (
				4F8B796715D46F8800EFD4A2 /* InfoPlist.strings in Resources */,
				4F8B797315D46F8800EFD4A2 /* ViewController_iPhone.xib in Resources */,
				4F8B797615D46F8800EFD4A2 /* ViewController_iPad.xib in Resources */,
			);
			runOnlyForDeploymentPostprocessing = 0;
		};
		4F8B797915D46F8800EFD4A2 /* Resources */ = {
			isa = PBXResourcesBuildPhase;
			buildActionMask = 2147483647;
			files = (
				4F8B798815D46F8800EFD4A2 /* InfoPlist.strings in Resources */,
			);
			runOnlyForDeploymentPostprocessing = 0;
		};
/* End PBXResourcesBuildPhase section */

/* Begin PBXShellScriptBuildPhase section */
		4F8B797A15D46F8800EFD4A2 /* ShellScript */ = {
			isa = PBXShellScriptBuildPhase;
			buildActionMask = 2147483647;
			files = (
			);
			inputPaths = (
			);
			outputPaths = (
			);
			runOnlyForDeploymentPostprocessing = 0;
			shellPath = /bin/sh;
			shellScript = "# Run the unit tests in this test bundle.\n\"${SYSTEM_DEVELOPER_DIR}/Tools/RunUnitTests\"\n";
		};
/* End PBXShellScriptBuildPhase section */

/* Begin PBXSourcesBuildPhase section */
		4F8B795415D46F8800EFD4A2 /* Sources */ = {
			isa = PBXSourcesBuildPhase;
			buildActionMask = 2147483647;
			files = (
				4F8B796915D46F8800EFD4A2 /* main.m in Sources */,
				4F8B796D15D46F8800EFD4A2 /* AppDelegate.m in Sources */,
				4F8B797015D46F8800EFD4A2 /* ViewController.m in Sources */,
				4F8B7EC715D47BC800EFD4A2 /* DataFetcher.m in Sources */,
			);
			runOnlyForDeploymentPostprocessing = 0;
		};
		4F8B797715D46F8800EFD4A2 /* Sources */ = {
			isa = PBXSourcesBuildPhase;
			buildActionMask = 2147483647;
			files = (
				4F8B798B15D46F8800EFD4A2 /* FetcherTests.m in Sources */,
			);
			runOnlyForDeploymentPostprocessing = 0;
		};
/* End PBXSourcesBuildPhase section */

/* Begin PBXTargetDependency section */
		4F8B798215D46F8800EFD4A2 /* PBXTargetDependency */ = {
			isa = PBXTargetDependency;
			target = 4F8B795715D46F8800EFD4A2 /* Fetcher */;
			targetProxy = 4F8B798115D46F8800EFD4A2 /* PBXContainerItemProxy */;
		};
		4F8B7EC215D47A7700EFD4A2 /* PBXTargetDependency */ = {
			isa = PBXTargetDependency;
			name = RestKit;
			targetProxy = 4F8B7EC115D47A7700EFD4A2 /* PBXContainerItemProxy */;
		};
/* End PBXTargetDependency section */

/* Begin PBXVariantGroup section */
		4F8B796515D46F8800EFD4A2 /* InfoPlist.strings */ = {
			isa = PBXVariantGroup;
			children = (
				4F8B796615D46F8800EFD4A2 /* en */,
			);
			name = InfoPlist.strings;
			sourceTree = "<group>";
		};
		4F8B797115D46F8800EFD4A2 /* ViewController_iPhone.xib */ = {
			isa = PBXVariantGroup;
			children = (
				4F8B797215D46F8800EFD4A2 /* en */,
			);
			name = ViewController_iPhone.xib;
			sourceTree = "<group>";
		};
		4F8B797415D46F8800EFD4A2 /* ViewController_iPad.xib */ = {
			isa = PBXVariantGroup;
			children = (
				4F8B797515D46F8800EFD4A2 /* en */,
			);
			name = ViewController_iPad.xib;
			sourceTree = "<group>";
		};
		4F8B798615D46F8800EFD4A2 /* InfoPlist.strings */ = {
			isa = PBXVariantGroup;
			children = (
				4F8B798715D46F8800EFD4A2 /* en */,
			);
			name = InfoPlist.strings;
			sourceTree = "<group>";
		};
/* End PBXVariantGroup section */

/* Begin XCBuildConfiguration section */
		4F8B798C15D46F8800EFD4A2 /* Debug */ = {
			isa = XCBuildConfiguration;
			buildSettings = {
				ALWAYS_SEARCH_USER_PATHS = NO;
				ARCHS = "$(ARCHS_STANDARD_32_BIT)";
				CLANG_CXX_LANGUAGE_STANDARD = "gnu++0x";
				CLANG_WARN__DUPLICATE_METHOD_MATCH = YES;
				"CODE_SIGN_IDENTITY[sdk=iphoneos*]" = "iPhone Developer";
				COPY_PHASE_STRIP = NO;
				GCC_C_LANGUAGE_STANDARD = gnu99;
				GCC_DYNAMIC_NO_PIC = NO;
				GCC_OPTIMIZATION_LEVEL = 0;
				GCC_PREPROCESSOR_DEFINITIONS = (
					"DEBUG=1",
					"$(inherited)",
				);
				GCC_SYMBOLS_PRIVATE_EXTERN = NO;
				GCC_VERSION = com.apple.compilers.llvm.clang.1_0;
				GCC_WARN_ABOUT_RETURN_TYPE = YES;
				GCC_WARN_UNINITIALIZED_AUTOS = YES;
				GCC_WARN_UNUSED_VARIABLE = YES;
				HEADER_SEARCH_PATHS = "\"$(BUILT_PRODUCTS_DIR)/../../Headers\"/**";
				IPHONEOS_DEPLOYMENT_TARGET = 5.1;
				OTHER_LDFLAGS = "";
				SDKROOT = iphoneos;
				TARGETED_DEVICE_FAMILY = "1,2";
			};
			name = Debug;
		};
		4F8B798D15D46F8800EFD4A2 /* Release */ = {
			isa = XCBuildConfiguration;
			buildSettings = {
				ALWAYS_SEARCH_USER_PATHS = NO;
				ARCHS = "$(ARCHS_STANDARD_32_BIT)";
				CLANG_CXX_LANGUAGE_STANDARD = "gnu++0x";
				CLANG_WARN__DUPLICATE_METHOD_MATCH = YES;
				"CODE_SIGN_IDENTITY[sdk=iphoneos*]" = "iPhone Developer";
				COPY_PHASE_STRIP = YES;
				GCC_C_LANGUAGE_STANDARD = gnu99;
				GCC_VERSION = com.apple.compilers.llvm.clang.1_0;
				GCC_WARN_ABOUT_RETURN_TYPE = YES;
				GCC_WARN_UNINITIALIZED_AUTOS = YES;
				GCC_WARN_UNUSED_VARIABLE = YES;
				HEADER_SEARCH_PATHS = "\"$(BUILT_PRODUCTS_DIR)/../../Headers\"/**";
				IPHONEOS_DEPLOYMENT_TARGET = 5.1;
				OTHER_CFLAGS = "-DNS_BLOCK_ASSERTIONS=1";
				OTHER_LDFLAGS = "";
				SDKROOT = iphoneos;
				TARGETED_DEVICE_FAMILY = "1,2";
				VALIDATE_PRODUCT = YES;
			};
			name = Release;
		};
		4F8B798F15D46F8800EFD4A2 /* Debug */ = {
			isa = XCBuildConfiguration;
			buildSettings = {
				FRAMEWORK_SEARCH_PATHS = (
					"$(inherited)",
					"\"$(SRCROOT)/../RestKit/Tests/Vendor/OCHamcrest\"",
				);
				GCC_PRECOMPILE_PREFIX_HEADER = YES;
				GCC_PREFIX_HEADER = "Fetcher/Fetcher-Prefix.pch";
				HEADER_SEARCH_PATHS = "\"$(BUILT_PRODUCTS_DIR)/../../Headers\"";
				INFOPLIST_FILE = "Fetcher/Fetcher-Info.plist";
				OTHER_LDFLAGS = (
					"-ObjC",
					"-all_load",
				);
				PRODUCT_NAME = "$(TARGET_NAME)";
				WRAPPER_EXTENSION = app;
			};
			name = Debug;
		};
		4F8B799015D46F8800EFD4A2 /* Release */ = {
			isa = XCBuildConfiguration;
			buildSettings = {
				FRAMEWORK_SEARCH_PATHS = (
					"$(inherited)",
					"\"$(SRCROOT)/../RestKit/Tests/Vendor/OCHamcrest\"",
				);
				GCC_PRECOMPILE_PREFIX_HEADER = YES;
				GCC_PREFIX_HEADER = "Fetcher/Fetcher-Prefix.pch";
				HEADER_SEARCH_PATHS = "\"$(BUILT_PRODUCTS_DIR)/../../Headers\"";
				INFOPLIST_FILE = "Fetcher/Fetcher-Info.plist";
				OTHER_LDFLAGS = (
					"-ObjC",
					"-all_load",
				);
				PRODUCT_NAME = "$(TARGET_NAME)";
				WRAPPER_EXTENSION = app;
			};
			name = Release;
		};
		4F8B799215D46F8800EFD4A2 /* Debug */ = {
			isa = XCBuildConfiguration;
			buildSettings = {
				BUNDLE_LOADER = "$(BUILT_PRODUCTS_DIR)/Fetcher.app/Fetcher";
				FRAMEWORK_SEARCH_PATHS = (
					"\"$(SDKROOT)/Developer/Library/Frameworks\"",
					"\"$(DEVELOPER_LIBRARY_DIR)/Frameworks\"",
				);
				GCC_PRECOMPILE_PREFIX_HEADER = YES;
				GCC_PREFIX_HEADER = "Fetcher/Fetcher-Prefix.pch";
				INFOPLIST_FILE = "FetcherTests/FetcherTests-Info.plist";
				PRODUCT_NAME = "$(TARGET_NAME)";
				TEST_HOST = "$(BUNDLE_LOADER)";
				WRAPPER_EXTENSION = octest;
			};
			name = Debug;
		};
		4F8B799315D46F8800EFD4A2 /* Release */ = {
			isa = XCBuildConfiguration;
			buildSettings = {
				BUNDLE_LOADER = "$(BUILT_PRODUCTS_DIR)/Fetcher.app/Fetcher";
				FRAMEWORK_SEARCH_PATHS = (
					"\"$(SDKROOT)/Developer/Library/Frameworks\"",
					"\"$(DEVELOPER_LIBRARY_DIR)/Frameworks\"",
				);
				GCC_PRECOMPILE_PREFIX_HEADER = YES;
				GCC_PREFIX_HEADER = "Fetcher/Fetcher-Prefix.pch";
				INFOPLIST_FILE = "FetcherTests/FetcherTests-Info.plist";
				PRODUCT_NAME = "$(TARGET_NAME)";
				TEST_HOST = "$(BUNDLE_LOADER)";
				WRAPPER_EXTENSION = octest;
			};
			name = Release;
		};
/* End XCBuildConfiguration section */

/* Begin XCConfigurationList section */
		4F8B795215D46F8800EFD4A2 /* Build configuration list for PBXProject "Fetcher" */ = {
			isa = XCConfigurationList;
			buildConfigurations = (
				4F8B798C15D46F8800EFD4A2 /* Debug */,
				4F8B798D15D46F8800EFD4A2 /* Release */,
			);
			defaultConfigurationIsVisible = 0;
			defaultConfigurationName = Release;
		};
		4F8B798E15D46F8800EFD4A2 /* Build configuration list for PBXNativeTarget "Fetcher" */ = {
			isa = XCConfigurationList;
			buildConfigurations = (
				4F8B798F15D46F8800EFD4A2 /* Debug */,
				4F8B799015D46F8800EFD4A2 /* Release */,
			);
			defaultConfigurationIsVisible = 0;
		};
		4F8B799115D46F8800EFD4A2 /* Build configuration list for PBXNativeTarget "FetcherTests" */ = {
			isa = XCConfigurationList;
			buildConfigurations = (
				4F8B799215D46F8800EFD4A2 /* Debug */,
				4F8B799315D46F8800EFD4A2 /* Release */,
			);
			defaultConfigurationIsVisible = 0;
		};
/* End XCConfigurationList section */
	};
	rootObject = 4F8B794F15D46F8800EFD4A2 /* Project object */;
}
